// !$*UTF8*$!
{
	archiveVersion = 1;
	classes = {
	};
	objectVersion = 55;
	objects = {

/* Begin PBXBuildFile section */
		6620D10D7AE6922E111F3937 /* Pods_LAOriginal.framework in Frameworks */ = {isa = PBXBuildFile; fileRef = CCBA65FB1DE05E937ACFD4C6 /* Pods_LAOriginal.framework */; };
		B609A73B28DF839E00DB8A51 /* FilterViewController.swift in Sources */ = {isa = PBXBuildFile; fileRef = B609A73A28DF839E00DB8A51 /* FilterViewController.swift */; };
		B6B8867228D82F4D00FD8176 /* AppDelegate.swift in Sources */ = {isa = PBXBuildFile; fileRef = B6B8867128D82F4D00FD8176 /* AppDelegate.swift */; };
		B6B8867428D82F4D00FD8176 /* SceneDelegate.swift in Sources */ = {isa = PBXBuildFile; fileRef = B6B8867328D82F4D00FD8176 /* SceneDelegate.swift */; };
		B6B8867628D82F4D00FD8176 /* ViewController.swift in Sources */ = {isa = PBXBuildFile; fileRef = B6B8867528D82F4D00FD8176 /* ViewController.swift */; };
		B6B8867928D82F4D00FD8176 /* Main.storyboard in Resources */ = {isa = PBXBuildFile; fileRef = B6B8867728D82F4D00FD8176 /* Main.storyboard */; };
		B6B8867B28D82F5200FD8176 /* Assets.xcassets in Resources */ = {isa = PBXBuildFile; fileRef = B6B8867A28D82F5200FD8176 /* Assets.xcassets */; };
		B6B8867E28D82F5200FD8176 /* LaunchScreen.storyboard in Resources */ = {isa = PBXBuildFile; fileRef = B6B8867C28D82F5200FD8176 /* LaunchScreen.storyboard */; };
		B6B8868728D831DA00FD8176 /* Realm in Frameworks */ = {isa = PBXBuildFile; productRef = B6B8868628D831DA00FD8176 /* Realm */; };
		B6B8868928D831DA00FD8176 /* RealmSwift in Frameworks */ = {isa = PBXBuildFile; productRef = B6B8868828D831DA00FD8176 /* RealmSwift */; };
		B6B8868B28D8333200FD8176 /* ListViewController.swift in Sources */ = {isa = PBXBuildFile; fileRef = B6B8868A28D8333200FD8176 /* ListViewController.swift */; };
		B6B8868D28D8338000FD8176 /* DetailViewController.swift in Sources */ = {isa = PBXBuildFile; fileRef = B6B8868C28D8338000FD8176 /* DetailViewController.swift */; };
		B6B8868F28D8339100FD8176 /* AddViewController.swift in Sources */ = {isa = PBXBuildFile; fileRef = B6B8868E28D8339100FD8176 /* AddViewController.swift */; };
		B6B8869128D833EA00FD8176 /* TopViewController.swift in Sources */ = {isa = PBXBuildFile; fileRef = B6B8869028D833EA00FD8176 /* TopViewController.swift */; };
		B6B8869328D834B100FD8176 /* Year.swift in Sources */ = {isa = PBXBuildFile; fileRef = B6B8869228D834B100FD8176 /* Year.swift */; };
		B6B8869528DB73E500FD8176 /* AddYearViewController.swift in Sources */ = {isa = PBXBuildFile; fileRef = B6B8869428DB73E500FD8176 /* AddYearViewController.swift */; };
		B6B8869728DF119000FD8176 /* EditViewController.swift in Sources */ = {isa = PBXBuildFile; fileRef = B6B8869628DF119000FD8176 /* EditViewController.swift */; };
/* End PBXBuildFile section */

/* Begin PBXFileReference section */
		39338E2172EFB5F763687036 /* Pods-LAOriginal.debug.xcconfig */ = {isa = PBXFileReference; includeInIndex = 1; lastKnownFileType = text.xcconfig; name = "Pods-LAOriginal.debug.xcconfig"; path = "Target Support Files/Pods-LAOriginal/Pods-LAOriginal.debug.xcconfig"; sourceTree = "<group>"; };
		9459FA2E77C881BF3096939E /* Pods-LAOriginal.release.xcconfig */ = {isa = PBXFileReference; includeInIndex = 1; lastKnownFileType = text.xcconfig; name = "Pods-LAOriginal.release.xcconfig"; path = "Target Support Files/Pods-LAOriginal/Pods-LAOriginal.release.xcconfig"; sourceTree = "<group>"; };
		B609A73A28DF839E00DB8A51 /* FilterViewController.swift */ = {isa = PBXFileReference; lastKnownFileType = sourcecode.swift; path = FilterViewController.swift; sourceTree = "<group>"; };
		B6B8866E28D82F4D00FD8176 /* LAOriginal.app */ = {isa = PBXFileReference; explicitFileType = wrapper.application; includeInIndex = 0; path = LAOriginal.app; sourceTree = BUILT_PRODUCTS_DIR; };
		B6B8867128D82F4D00FD8176 /* AppDelegate.swift */ = {isa = PBXFileReference; lastKnownFileType = sourcecode.swift; path = AppDelegate.swift; sourceTree = "<group>"; };
		B6B8867328D82F4D00FD8176 /* SceneDelegate.swift */ = {isa = PBXFileReference; lastKnownFileType = sourcecode.swift; path = SceneDelegate.swift; sourceTree = "<group>"; };
		B6B8867528D82F4D00FD8176 /* ViewController.swift */ = {isa = PBXFileReference; lastKnownFileType = sourcecode.swift; path = ViewController.swift; sourceTree = "<group>"; };
		B6B8867828D82F4D00FD8176 /* Base */ = {isa = PBXFileReference; lastKnownFileType = file.storyboard; name = Base; path = Base.lproj/Main.storyboard; sourceTree = "<group>"; };
		B6B8867A28D82F5200FD8176 /* Assets.xcassets */ = {isa = PBXFileReference; lastKnownFileType = folder.assetcatalog; path = Assets.xcassets; sourceTree = "<group>"; };
		B6B8867D28D82F5200FD8176 /* Base */ = {isa = PBXFileReference; lastKnownFileType = file.storyboard; name = Base; path = Base.lproj/LaunchScreen.storyboard; sourceTree = "<group>"; };
		B6B8867F28D82F5200FD8176 /* Info.plist */ = {isa = PBXFileReference; lastKnownFileType = text.plist.xml; path = Info.plist; sourceTree = "<group>"; };
		B6B8868A28D8333200FD8176 /* ListViewController.swift */ = {isa = PBXFileReference; lastKnownFileType = sourcecode.swift; path = ListViewController.swift; sourceTree = "<group>"; };
		B6B8868C28D8338000FD8176 /* DetailViewController.swift */ = {isa = PBXFileReference; lastKnownFileType = sourcecode.swift; path = DetailViewController.swift; sourceTree = "<group>"; };
		B6B8868E28D8339100FD8176 /* AddViewController.swift */ = {isa = PBXFileReference; lastKnownFileType = sourcecode.swift; path = AddViewController.swift; sourceTree = "<group>"; };
		B6B8869028D833EA00FD8176 /* TopViewController.swift */ = {isa = PBXFileReference; lastKnownFileType = sourcecode.swift; path = TopViewController.swift; sourceTree = "<group>"; };
		B6B8869228D834B100FD8176 /* Year.swift */ = {isa = PBXFileReference; lastKnownFileType = sourcecode.swift; path = Year.swift; sourceTree = "<group>"; };
		B6B8869428DB73E500FD8176 /* AddYearViewController.swift */ = {isa = PBXFileReference; lastKnownFileType = sourcecode.swift; path = AddYearViewController.swift; sourceTree = "<group>"; };
		B6B8869628DF119000FD8176 /* EditViewController.swift */ = {isa = PBXFileReference; lastKnownFileType = sourcecode.swift; path = EditViewController.swift; sourceTree = "<group>"; };
		CCBA65FB1DE05E937ACFD4C6 /* Pods_LAOriginal.framework */ = {isa = PBXFileReference; explicitFileType = wrapper.framework; includeInIndex = 0; path = Pods_LAOriginal.framework; sourceTree = BUILT_PRODUCTS_DIR; };
/* End PBXFileReference section */

/* Begin PBXFrameworksBuildPhase section */
		B6B8866B28D82F4D00FD8176 /* Frameworks */ = {
			isa = PBXFrameworksBuildPhase;
			buildActionMask = 2147483647;
			files = (
				B6B8868928D831DA00FD8176 /* RealmSwift in Frameworks */,
				B6B8868728D831DA00FD8176 /* Realm in Frameworks */,
				6620D10D7AE6922E111F3937 /* Pods_LAOriginal.framework in Frameworks */,
			);
			runOnlyForDeploymentPostprocessing = 0;
		};
/* End PBXFrameworksBuildPhase section */

/* Begin PBXGroup section */
		2140907ADC4172256FD5D898 /* Frameworks */ = {
			isa = PBXGroup;
			children = (
				CCBA65FB1DE05E937ACFD4C6 /* Pods_LAOriginal.framework */,
			);
			name = Frameworks;
			sourceTree = "<group>";
		};
		686F07FD9581E350F641F288 /* Pods */ = {
			isa = PBXGroup;
			children = (
				39338E2172EFB5F763687036 /* Pods-LAOriginal.debug.xcconfig */,
				9459FA2E77C881BF3096939E /* Pods-LAOriginal.release.xcconfig */,
			);
			path = Pods;
			sourceTree = "<group>";
		};
		B6B8866528D82F4D00FD8176 = {
			isa = PBXGroup;
			children = (
				B6B8867028D82F4D00FD8176 /* LAOriginal */,
				B6B8866F28D82F4D00FD8176 /* Products */,
				686F07FD9581E350F641F288 /* Pods */,
				2140907ADC4172256FD5D898 /* Frameworks */,
			);
			sourceTree = "<group>";
		};
		B6B8866F28D82F4D00FD8176 /* Products */ = {
			isa = PBXGroup;
			children = (
				B6B8866E28D82F4D00FD8176 /* LAOriginal.app */,
			);
			name = Products;
			sourceTree = "<group>";
		};
		B6B8867028D82F4D00FD8176 /* LAOriginal */ = {
			isa = PBXGroup;
			children = (
				B6B8867128D82F4D00FD8176 /* AppDelegate.swift */,
				B6B8867328D82F4D00FD8176 /* SceneDelegate.swift */,
				B6B8867528D82F4D00FD8176 /* ViewController.swift */,
				B6B8867728D82F4D00FD8176 /* Main.storyboard */,
				B6B8867A28D82F5200FD8176 /* Assets.xcassets */,
				B6B8867C28D82F5200FD8176 /* LaunchScreen.storyboard */,
				B6B8867F28D82F5200FD8176 /* Info.plist */,
				B6B8868A28D8333200FD8176 /* ListViewController.swift */,
				B6B8868C28D8338000FD8176 /* DetailViewController.swift */,
				B6B8868E28D8339100FD8176 /* AddViewController.swift */,
				B6B8869028D833EA00FD8176 /* TopViewController.swift */,
				B6B8869228D834B100FD8176 /* Year.swift */,
				B6B8869428DB73E500FD8176 /* AddYearViewController.swift */,
				B6B8869628DF119000FD8176 /* EditViewController.swift */,
				B609A73A28DF839E00DB8A51 /* FilterViewController.swift */,
			);
			path = LAOriginal;
			sourceTree = "<group>";
		};
/* End PBXGroup section */

/* Begin PBXNativeTarget section */
		B6B8866D28D82F4D00FD8176 /* LAOriginal */ = {
			isa = PBXNativeTarget;
			buildConfigurationList = B6B8868228D82F5200FD8176 /* Build configuration list for PBXNativeTarget "LAOriginal" */;
			buildPhases = (
				A34D1E8CA29E1FA2B900363E /* [CP] Check Pods Manifest.lock */,
				B6B8866A28D82F4D00FD8176 /* Sources */,
				B6B8866B28D82F4D00FD8176 /* Frameworks */,
				B6B8866C28D82F4D00FD8176 /* Resources */,
				2A2F1D9C9C34E40644D4AF98 /* [CP] Embed Pods Frameworks */,
			);
			buildRules = (
			);
			dependencies = (
			);
			name = LAOriginal;
			packageProductDependencies = (
				B6B8868628D831DA00FD8176 /* Realm */,
				B6B8868828D831DA00FD8176 /* RealmSwift */,
			);
			productName = LAOriginal;
			productReference = B6B8866E28D82F4D00FD8176 /* LAOriginal.app */;
			productType = "com.apple.product-type.application";
		};
/* End PBXNativeTarget section */

/* Begin PBXProject section */
		B6B8866628D82F4D00FD8176 /* Project object */ = {
			isa = PBXProject;
			attributes = {
				BuildIndependentTargetsInParallel = 1;
				LastSwiftUpdateCheck = 1340;
				LastUpgradeCheck = 1340;
				TargetAttributes = {
					B6B8866D28D82F4D00FD8176 = {
						CreatedOnToolsVersion = 13.4.1;
					};
				};
			};
			buildConfigurationList = B6B8866928D82F4D00FD8176 /* Build configuration list for PBXProject "LAOriginal" */;
			compatibilityVersion = "Xcode 13.0";
			developmentRegion = en;
			hasScannedForEncodings = 0;
			knownRegions = (
				en,
				Base,
			);
			mainGroup = B6B8866528D82F4D00FD8176;
			packageReferences = (
				B6B8868528D831DA00FD8176 /* XCRemoteSwiftPackageReference "realm-swift" */,
			);
			productRefGroup = B6B8866F28D82F4D00FD8176 /* Products */;
			projectDirPath = "";
			projectRoot = "";
			targets = (
				B6B8866D28D82F4D00FD8176 /* LAOriginal */,
			);
		};
/* End PBXProject section */

/* Begin PBXResourcesBuildPhase section */
		B6B8866C28D82F4D00FD8176 /* Resources */ = {
			isa = PBXResourcesBuildPhase;
			buildActionMask = 2147483647;
			files = (
				B6B8867E28D82F5200FD8176 /* LaunchScreen.storyboard in Resources */,
				B6B8867B28D82F5200FD8176 /* Assets.xcassets in Resources */,
				B6B8867928D82F4D00FD8176 /* Main.storyboard in Resources */,
			);
			runOnlyForDeploymentPostprocessing = 0;
		};
/* End PBXResourcesBuildPhase section */

/* Begin PBXShellScriptBuildPhase section */
		2A2F1D9C9C34E40644D4AF98 /* [CP] Embed Pods Frameworks */ = {
			isa = PBXShellScriptBuildPhase;
			buildActionMask = 2147483647;
			files = (
			);
			inputFileListPaths = (
				"${PODS_ROOT}/Target Support Files/Pods-LAOriginal/Pods-LAOriginal-frameworks-${CONFIGURATION}-input-files.xcfilelist",
			);
			name = "[CP] Embed Pods Frameworks";
			outputFileListPaths = (
				"${PODS_ROOT}/Target Support Files/Pods-LAOriginal/Pods-LAOriginal-frameworks-${CONFIGURATION}-output-files.xcfilelist",
			);
			runOnlyForDeploymentPostprocessing = 0;
			shellPath = /bin/sh;
			shellScript = "\"${PODS_ROOT}/Target Support Files/Pods-LAOriginal/Pods-LAOriginal-frameworks.sh\"\n";
			showEnvVarsInLog = 0;
		};
		A34D1E8CA29E1FA2B900363E /* [CP] Check Pods Manifest.lock */ = {
			isa = PBXShellScriptBuildPhase;
			buildActionMask = 2147483647;
			files = (
			);
			inputFileListPaths = (
			);
			inputPaths = (
				"${PODS_PODFILE_DIR_PATH}/Podfile.lock",
				"${PODS_ROOT}/Manifest.lock",
			);
			name = "[CP] Check Pods Manifest.lock";
			outputFileListPaths = (
			);
			outputPaths = (
				"$(DERIVED_FILE_DIR)/Pods-LAOriginal-checkManifestLockResult.txt",
			);
			runOnlyForDeploymentPostprocessing = 0;
			shellPath = /bin/sh;
			shellScript = "diff \"${PODS_PODFILE_DIR_PATH}/Podfile.lock\" \"${PODS_ROOT}/Manifest.lock\" > /dev/null\nif [ $? != 0 ] ; then\n    # print error to STDERR\n    echo \"error: The sandbox is not in sync with the Podfile.lock. Run 'pod install' or update your CocoaPods installation.\" >&2\n    exit 1\nfi\n# This output is used by Xcode 'outputs' to avoid re-running this script phase.\necho \"SUCCESS\" > \"${SCRIPT_OUTPUT_FILE_0}\"\n";
			showEnvVarsInLog = 0;
		};
/* End PBXShellScriptBuildPhase section */

/* Begin PBXSourcesBuildPhase section */
		B6B8866A28D82F4D00FD8176 /* Sources */ = {
			isa = PBXSourcesBuildPhase;
			buildActionMask = 2147483647;
			files = (
				B6B8869728DF119000FD8176 /* EditViewController.swift in Sources */,
				B6B8867628D82F4D00FD8176 /* ViewController.swift in Sources */,
				B6B8867228D82F4D00FD8176 /* AppDelegate.swift in Sources */,
				B6B8869528DB73E500FD8176 /* AddYearViewController.swift in Sources */,
				B6B8868F28D8339100FD8176 /* AddViewController.swift in Sources */,
				B609A73B28DF839E00DB8A51 /* FilterViewController.swift in Sources */,
				B6B8868D28D8338000FD8176 /* DetailViewController.swift in Sources */,
				B6B8868B28D8333200FD8176 /* ListViewController.swift in Sources */,
				B6B8867428D82F4D00FD8176 /* SceneDelegate.swift in Sources */,
				B6B8869328D834B100FD8176 /* Year.swift in Sources */,
				B6B8869128D833EA00FD8176 /* TopViewController.swift in Sources */,
			);
			runOnlyForDeploymentPostprocessing = 0;
		};
/* End PBXSourcesBuildPhase section */

/* Begin PBXVariantGroup section */
		B6B8867728D82F4D00FD8176 /* Main.storyboard */ = {
			isa = PBXVariantGroup;
			children = (
				B6B8867828D82F4D00FD8176 /* Base */,
			);
			name = Main.storyboard;
			sourceTree = "<group>";
		};
		B6B8867C28D82F5200FD8176 /* LaunchScreen.storyboard */ = {
			isa = PBXVariantGroup;
			children = (
				B6B8867D28D82F5200FD8176 /* Base */,
			);
			name = LaunchScreen.storyboard;
			sourceTree = "<group>";
		};
/* End PBXVariantGroup section */

/* Begin XCBuildConfiguration section */
		B6B8868028D82F5200FD8176 /* Debug */ = {
			isa = XCBuildConfiguration;
			buildSettings = {
				ALWAYS_SEARCH_USER_PATHS = NO;
				CLANG_ANALYZER_NONNULL = YES;
				CLANG_ANALYZER_NUMBER_OBJECT_CONVERSION = YES_AGGRESSIVE;
				CLANG_CXX_LANGUAGE_STANDARD = "gnu++17";
				CLANG_ENABLE_MODULES = YES;
				CLANG_ENABLE_OBJC_ARC = YES;
				CLANG_ENABLE_OBJC_WEAK = YES;
				CLANG_WARN_BLOCK_CAPTURE_AUTORELEASING = YES;
				CLANG_WARN_BOOL_CONVERSION = YES;
				CLANG_WARN_COMMA = YES;
				CLANG_WARN_CONSTANT_CONVERSION = YES;
				CLANG_WARN_DEPRECATED_OBJC_IMPLEMENTATIONS = YES;
				CLANG_WARN_DIRECT_OBJC_ISA_USAGE = YES_ERROR;
				CLANG_WARN_DOCUMENTATION_COMMENTS = YES;
				CLANG_WARN_EMPTY_BODY = YES;
				CLANG_WARN_ENUM_CONVERSION = YES;
				CLANG_WARN_INFINITE_RECURSION = YES;
				CLANG_WARN_INT_CONVERSION = YES;
				CLANG_WARN_NON_LITERAL_NULL_CONVERSION = YES;
				CLANG_WARN_OBJC_IMPLICIT_RETAIN_SELF = YES;
				CLANG_WARN_OBJC_LITERAL_CONVERSION = YES;
				CLANG_WARN_OBJC_ROOT_CLASS = YES_ERROR;
				CLANG_WARN_QUOTED_INCLUDE_IN_FRAMEWORK_HEADER = YES;
				CLANG_WARN_RANGE_LOOP_ANALYSIS = YES;
				CLANG_WARN_STRICT_PROTOTYPES = YES;
				CLANG_WARN_SUSPICIOUS_MOVE = YES;
				CLANG_WARN_UNGUARDED_AVAILABILITY = YES_AGGRESSIVE;
				CLANG_WARN_UNREACHABLE_CODE = YES;
				CLANG_WARN__DUPLICATE_METHOD_MATCH = YES;
				COPY_PHASE_STRIP = NO;
				DEBUG_INFORMATION_FORMAT = dwarf;
				ENABLE_STRICT_OBJC_MSGSEND = YES;
				ENABLE_TESTABILITY = YES;
				GCC_C_LANGUAGE_STANDARD = gnu11;
				GCC_DYNAMIC_NO_PIC = NO;
				GCC_NO_COMMON_BLOCKS = YES;
				GCC_OPTIMIZATION_LEVEL = 0;
				GCC_PREPROCESSOR_DEFINITIONS = (
					"DEBUG=1",
					"$(inherited)",
				);
				GCC_WARN_64_TO_32_BIT_CONVERSION = YES;
				GCC_WARN_ABOUT_RETURN_TYPE = YES_ERROR;
				GCC_WARN_UNDECLARED_SELECTOR = YES;
				GCC_WARN_UNINITIALIZED_AUTOS = YES_AGGRESSIVE;
				GCC_WARN_UNUSED_FUNCTION = YES;
				GCC_WARN_UNUSED_VARIABLE = YES;
				IPHONEOS_DEPLOYMENT_TARGET = 15.5;
				MTL_ENABLE_DEBUG_INFO = INCLUDE_SOURCE;
				MTL_FAST_MATH = YES;
				ONLY_ACTIVE_ARCH = YES;
				SDKROOT = iphoneos;
				SWIFT_ACTIVE_COMPILATION_CONDITIONS = DEBUG;
				SWIFT_OPTIMIZATION_LEVEL = "-Onone";
			};
			name = Debug;
		};
		B6B8868128D82F5200FD8176 /* Release */ = {
			isa = XCBuildConfiguration;
			buildSettings = {
				ALWAYS_SEARCH_USER_PATHS = NO;
				CLANG_ANALYZER_NONNULL = YES;
				CLANG_ANALYZER_NUMBER_OBJECT_CONVERSION = YES_AGGRESSIVE;
				CLANG_CXX_LANGUAGE_STANDARD = "gnu++17";
				CLANG_ENABLE_MODULES = YES;
				CLANG_ENABLE_OBJC_ARC = YES;
				CLANG_ENABLE_OBJC_WEAK = YES;
				CLANG_WARN_BLOCK_CAPTURE_AUTORELEASING = YES;
				CLANG_WARN_BOOL_CONVERSION = YES;
				CLANG_WARN_COMMA = YES;
				CLANG_WARN_CONSTANT_CONVERSION = YES;
				CLANG_WARN_DEPRECATED_OBJC_IMPLEMENTATIONS = YES;
				CLANG_WARN_DIRECT_OBJC_ISA_USAGE = YES_ERROR;
				CLANG_WARN_DOCUMENTATION_COMMENTS = YES;
				CLANG_WARN_EMPTY_BODY = YES;
				CLANG_WARN_ENUM_CONVERSION = YES;
				CLANG_WARN_INFINITE_RECURSION = YES;
				CLANG_WARN_INT_CONVERSION = YES;
				CLANG_WARN_NON_LITERAL_NULL_CONVERSION = YES;
				CLANG_WARN_OBJC_IMPLICIT_RETAIN_SELF = YES;
				CLANG_WARN_OBJC_LITERAL_CONVERSION = YES;
				CLANG_WARN_OBJC_ROOT_CLASS = YES_ERROR;
				CLANG_WARN_QUOTED_INCLUDE_IN_FRAMEWORK_HEADER = YES;
				CLANG_WARN_RANGE_LOOP_ANALYSIS = YES;
				CLANG_WARN_STRICT_PROTOTYPES = YES;
				CLANG_WARN_SUSPICIOUS_MOVE = YES;
				CLANG_WARN_UNGUARDED_AVAILABILITY = YES_AGGRESSIVE;
				CLANG_WARN_UNREACHABLE_CODE = YES;
				CLANG_WARN__DUPLICATE_METHOD_MATCH = YES;
				COPY_PHASE_STRIP = NO;
				DEBUG_INFORMATION_FORMAT = "dwarf-with-dsym";
				ENABLE_NS_ASSERTIONS = NO;
				ENABLE_STRICT_OBJC_MSGSEND = YES;
				GCC_C_LANGUAGE_STANDARD = gnu11;
				GCC_NO_COMMON_BLOCKS = YES;
				GCC_WARN_64_TO_32_BIT_CONVERSION = YES;
				GCC_WARN_ABOUT_RETURN_TYPE = YES_ERROR;
				GCC_WARN_UNDECLARED_SELECTOR = YES;
				GCC_WARN_UNINITIALIZED_AUTOS = YES_AGGRESSIVE;
				GCC_WARN_UNUSED_FUNCTION = YES;
				GCC_WARN_UNUSED_VARIABLE = YES;
				IPHONEOS_DEPLOYMENT_TARGET = 15.5;
				MTL_ENABLE_DEBUG_INFO = NO;
				MTL_FAST_MATH = YES;
				SDKROOT = iphoneos;
				SWIFT_COMPILATION_MODE = wholemodule;
				SWIFT_OPTIMIZATION_LEVEL = "-O";
				VALIDATE_PRODUCT = YES;
			};
			name = Release;
		};
		B6B8868328D82F5200FD8176 /* Debug */ = {
			isa = XCBuildConfiguration;
			baseConfigurationReference = 39338E2172EFB5F763687036 /* Pods-LAOriginal.debug.xcconfig */;
			buildSettings = {
				ASSETCATALOG_COMPILER_APPICON_NAME = AppIcon;
				ASSETCATALOG_COMPILER_GLOBAL_ACCENT_COLOR_NAME = AccentColor;
				CODE_SIGN_STYLE = Automatic;
				CURRENT_PROJECT_VERSION = 1;
				DEVELOPMENT_TEAM = 39T2J4KACU;
				GENERATE_INFOPLIST_FILE = YES;
				INFOPLIST_FILE = LAOriginal/Info.plist;
				INFOPLIST_KEY_NSPhotoLibraryUsageDescription = "保存する画像をフォトライブラリから呼び出す";
				INFOPLIST_KEY_UIApplicationSupportsIndirectInputEvents = YES;
				INFOPLIST_KEY_UILaunchStoryboardName = LaunchScreen;
				INFOPLIST_KEY_UIMainStoryboardFile = Main;
				INFOPLIST_KEY_UISupportedInterfaceOrientations_iPad = "UIInterfaceOrientationPortrait UIInterfaceOrientationPortraitUpsideDown UIInterfaceOrientationLandscapeLeft UIInterfaceOrientationLandscapeRight";
				INFOPLIST_KEY_UISupportedInterfaceOrientations_iPhone = "UIInterfaceOrientationPortrait UIInterfaceOrientationLandscapeLeft UIInterfaceOrientationLandscapeRight";
				LD_RUNPATH_SEARCH_PATHS = (
					"$(inherited)",
					"@executable_path/Frameworks",
				);
				MARKETING_VERSION = 1.0;
				PRODUCT_BUNDLE_IDENTIFIER = app.hirayama.hirayu.LAOriginal;
				PRODUCT_NAME = "$(TARGET_NAME)";
				SWIFT_EMIT_LOC_STRINGS = YES;
				SWIFT_VERSION = 5.0;
				TARGETED_DEVICE_FAMILY = "1,2";
			};
			name = Debug;
		};
		B6B8868428D82F5200FD8176 /* Release */ = {
			isa = XCBuildConfiguration;
			baseConfigurationReference = 9459FA2E77C881BF3096939E /* Pods-LAOriginal.release.xcconfig */;
			buildSettings = {
				ASSETCATALOG_COMPILER_APPICON_NAME = AppIcon;
				ASSETCATALOG_COMPILER_GLOBAL_ACCENT_COLOR_NAME = AccentColor;
				CODE_SIGN_STYLE = Automatic;
				CURRENT_PROJECT_VERSION = 1;
				DEVELOPMENT_TEAM = 39T2J4KACU;
				GENERATE_INFOPLIST_FILE = YES;
				INFOPLIST_FILE = LAOriginal/Info.plist;
				INFOPLIST_KEY_NSPhotoLibraryUsageDescription = "保存する画像をフォトライブラリから呼び出す";
				INFOPLIST_KEY_UIApplicationSupportsIndirectInputEvents = YES;
				INFOPLIST_KEY_UILaunchStoryboardName = LaunchScreen;
				INFOPLIST_KEY_UIMainStoryboardFile = Main;
				INFOPLIST_KEY_UISupportedInterfaceOrientations_iPad = "UIInterfaceOrientationPortrait UIInterfaceOrientationPortraitUpsideDown UIInterfaceOrientationLandscapeLeft UIInterfaceOrientationLandscapeRight";
				INFOPLIST_KEY_UISupportedInterfaceOrientations_iPhone = "UIInterfaceOrientationPortrait UIInterfaceOrientationLandscapeLeft UIInterfaceOrientationLandscapeRight";
				LD_RUNPATH_SEARCH_PATHS = (
					"$(inherited)",
					"@executable_path/Frameworks",
				);
				MARKETING_VERSION = 1.0;
				PRODUCT_BUNDLE_IDENTIFIER = app.hirayama.hirayu.LAOriginal;
				PRODUCT_NAME = "$(TARGET_NAME)";
				SWIFT_EMIT_LOC_STRINGS = YES;
				SWIFT_VERSION = 5.0;
				TARGETED_DEVICE_FAMILY = "1,2";
			};
			name = Release;
		};
/* End XCBuildConfiguration section */

/* Begin XCConfigurationList section */
		B6B8866928D82F4D00FD8176 /* Build configuration list for PBXProject "LAOriginal" */ = {
			isa = XCConfigurationList;
			buildConfigurations = (
				B6B8868028D82F5200FD8176 /* Debug */,
				B6B8868128D82F5200FD8176 /* Release */,
			);
			defaultConfigurationIsVisible = 0;
			defaultConfigurationName = Release;
		};
		B6B8868228D82F5200FD8176 /* Build configuration list for PBXNativeTarget "LAOriginal" */ = {
			isa = XCConfigurationList;
			buildConfigurations = (
				B6B8868328D82F5200FD8176 /* Debug */,
				B6B8868428D82F5200FD8176 /* Release */,
			);
			defaultConfigurationIsVisible = 0;
			defaultConfigurationName = Release;
		};
/* End XCConfigurationList section */

/* Begin XCRemoteSwiftPackageReference section */
		B6B8868528D831DA00FD8176 /* XCRemoteSwiftPackageReference "realm-swift" */ = {
			isa = XCRemoteSwiftPackageReference;
			repositoryURL = "https://github.com/realm/realm-swift";
			requirement = {
				kind = upToNextMajorVersion;
				minimumVersion = 5.0.0;
			};
		};
/* End XCRemoteSwiftPackageReference section */

/* Begin XCSwiftPackageProductDependency section */
		B6B8868628D831DA00FD8176 /* Realm */ = {
			isa = XCSwiftPackageProductDependency;
			package = B6B8868528D831DA00FD8176 /* XCRemoteSwiftPackageReference "realm-swift" */;
			productName = Realm;
		};
		B6B8868828D831DA00FD8176 /* RealmSwift */ = {
			isa = XCSwiftPackageProductDependency;
			package = B6B8868528D831DA00FD8176 /* XCRemoteSwiftPackageReference "realm-swift" */;
			productName = RealmSwift;
		};
/* End XCSwiftPackageProductDependency section */
	};
	rootObject = B6B8866628D82F4D00FD8176 /* Project object */;
}
